DEPENDENCIES
  apt
    git: https://github.com/opscode-cookbooks/apt.git
    revision: eabf84d7769b7c323e76f56f85436612bfde9eb0
  build-essential
    git: https://github.com/opscode-cookbooks/build-essential.git
    revision: fb4d6d693152e691cedcbd01f5497dbe2e19fa0d
  docker (~> 11.5.2)
  fail2ban
    git: https://github.com/opscode-cookbooks/fail2ban.git
    revision: 238bfc5c7072c87c818622f88fd4e04905adf7ab
  locales
    git: https://github.com/phbergsmann/chef-locales.git
    revision: 5ad79628e627a66edf028fe55fa7c92d26687cf0
  ntp
    git: https://github.com/gmiranda23/ntp.git
    revision: 8576721980793177a49e82725f7974fb8c621ab9
  openssl (~> 6.0.0)
  sudo
    git: https://github.com/opscode-cookbooks/sudo.git
    revision: 5ed190d5d49563ec25461b4eb50efa9dfc441f40

GRAPH
  apt (7.1.1)
  build-essential (8.2.1)
    mingw (>= 1.1)
    seven_zip (>= 0.0.0)
  docker (11.5.2)
  fail2ban (5.0.2)
    yum-epel (>= 0.0.0)
  locales (0.3.1)
  mingw (4.0.3)
    seven_zip (>= 0.0.0)
  ntp (3.6.1)
  openssl (6.0.0)
  seven_zip (4.2.10)
  sudo (5.4.4)
  yum-epel (5.0.8)
